// !$*UTF8*$!
{
	archiveVersion = 1;
	classes = {
	};
	objectVersion = 46;
	objects = {

/* Begin PBXBuildFile section */
		6450114819417FBB000B1A7F /* Foundation.framework in Frameworks */ = {isa = PBXBuildFile; fileRef = 6450114719417FBB000B1A7F /* Foundation.framework */; };
		6450114A19417FBB000B1A7F /* CoreGraphics.framework in Frameworks */ = {isa = PBXBuildFile; fileRef = 6450114919417FBB000B1A7F /* CoreGraphics.framework */; };
		6450114C19417FBB000B1A7F /* UIKit.framework in Frameworks */ = {isa = PBXBuildFile; fileRef = 6450114B19417FBB000B1A7F /* UIKit.framework */; };
		6450115219417FBB000B1A7F /* InfoPlist.strings in Resources */ = {isa = PBXBuildFile; fileRef = 6450115019417FBB000B1A7F /* InfoPlist.strings */; };
		6450115419417FBB000B1A7F /* main.m in Sources */ = {isa = PBXBuildFile; fileRef = 6450115319417FBB000B1A7F /* main.m */; };
		6450115819417FBB000B1A7F /* AppDelegate.m in Sources */ = {isa = PBXBuildFile; fileRef = 6450115719417FBB000B1A7F /* AppDelegate.m */; };
		6450115A19417FBB000B1A7F /* Images.xcassets in Resources */ = {isa = PBXBuildFile; fileRef = 6450115919417FBB000B1A7F /* Images.xcassets */; };
		6450116119417FBB000B1A7F /* XCTest.framework in Frameworks */ = {isa = PBXBuildFile; fileRef = 6450116019417FBB000B1A7F /* XCTest.framework */; };
		6450116219417FBB000B1A7F /* Foundation.framework in Frameworks */ = {isa = PBXBuildFile; fileRef = 6450114719417FBB000B1A7F /* Foundation.framework */; };
		6450116319417FBB000B1A7F /* UIKit.framework in Frameworks */ = {isa = PBXBuildFile; fileRef = 6450114B19417FBB000B1A7F /* UIKit.framework */; };
		6450116B19417FBB000B1A7F /* InfoPlist.strings in Resources */ = {isa = PBXBuildFile; fileRef = 6450116919417FBB000B1A7F /* InfoPlist.strings */; };
		6450116D19417FBB000B1A7F /* RottenTomatoesTests.m in Sources */ = {isa = PBXBuildFile; fileRef = 6450116C19417FBB000B1A7F /* RottenTomatoesTests.m */; };
		6450117919417FF0000B1A7F /* MovieViewController.m in Sources */ = {isa = PBXBuildFile; fileRef = 6450117719417FF0000B1A7F /* MovieViewController.m */; };
		6450117A19417FF0000B1A7F /* MovieViewController.xib in Resources */ = {isa = PBXBuildFile; fileRef = 6450117819417FF0000B1A7F /* MovieViewController.xib */; };
		64501183194182E2000B1A7F /* DetailsViewController.m in Sources */ = {isa = PBXBuildFile; fileRef = 64501181194182E2000B1A7F /* DetailsViewController.m */; };
		64501184194182E2000B1A7F /* DetailsViewController.xib in Resources */ = {isa = PBXBuildFile; fileRef = 64501182194182E2000B1A7F /* DetailsViewController.xib */; };
		64501188194679F9000B1A7F /* DVDViewController.m in Sources */ = {isa = PBXBuildFile; fileRef = 64501186194679F9000B1A7F /* DVDViewController.m */; };
		64501189194679F9000B1A7F /* DVDViewController.xib in Resources */ = {isa = PBXBuildFile; fileRef = 64501187194679F9000B1A7F /* DVDViewController.xib */; };
		6465B8001946CDE200CCBAE4 /* MovieCell.m in Sources */ = {isa = PBXBuildFile; fileRef = 6465B7FE1946CDE200CCBAE4 /* MovieCell.m */; };
		6465B8011946CDE200CCBAE4 /* MovieCell.xib in Resources */ = {isa = PBXBuildFile; fileRef = 6465B7FF1946CDE200CCBAE4 /* MovieCell.xib */; };
/* End PBXBuildFile section */

/* Begin PBXContainerItemProxy section */
		6450116419417FBB000B1A7F /* PBXContainerItemProxy */ = {
			isa = PBXContainerItemProxy;
			containerPortal = 6450113C19417FBB000B1A7F /* Project object */;
			proxyType = 1;
			remoteGlobalIDString = 6450114319417FBB000B1A7F;
			remoteInfo = RottenTomatoes;
		};
/* End PBXContainerItemProxy section */

/* Begin PBXFileReference section */
		6450114419417FBB000B1A7F /* RottenTomatoes.app */ = {isa = PBXFileReference; explicitFileType = wrapper.application; includeInIndex = 0; path = RottenTomatoes.app; sourceTree = BUILT_PRODUCTS_DIR; };
		6450114719417FBB000B1A7F /* Foundation.framework */ = {isa = PBXFileReference; lastKnownFileType = wrapper.framework; name = Foundation.framework; path = System/Library/Frameworks/Foundation.framework; sourceTree = SDKROOT; };
		6450114919417FBB000B1A7F /* CoreGraphics.framework */ = {isa = PBXFileReference; lastKnownFileType = wrapper.framework; name = CoreGraphics.framework; path = System/Library/Frameworks/CoreGraphics.framework; sourceTree = SDKROOT; };
		6450114B19417FBB000B1A7F /* UIKit.framework */ = {isa = PBXFileReference; lastKnownFileType = wrapper.framework; name = UIKit.framework; path = System/Library/Frameworks/UIKit.framework; sourceTree = SDKROOT; };
		6450114F19417FBB000B1A7F /* RottenTomatoes-Info.plist */ = {isa = PBXFileReference; lastKnownFileType = text.plist.xml; path = "RottenTomatoes-Info.plist"; sourceTree = "<group>"; };
		6450115119417FBB000B1A7F /* en */ = {isa = PBXFileReference; lastKnownFileType = text.plist.strings; name = en; path = en.lproj/InfoPlist.strings; sourceTree = "<group>"; };
		6450115319417FBB000B1A7F /* main.m */ = {isa = PBXFileReference; lastKnownFileType = sourcecode.c.objc; path = main.m; sourceTree = "<group>"; };
		6450115519417FBB000B1A7F /* RottenTomatoes-Prefix.pch */ = {isa = PBXFileReference; lastKnownFileType = sourcecode.c.h; path = "RottenTomatoes-Prefix.pch"; sourceTree = "<group>"; };
		6450115619417FBB000B1A7F /* AppDelegate.h */ = {isa = PBXFileReference; lastKnownFileType = sourcecode.c.h; path = AppDelegate.h; sourceTree = "<group>"; };
		6450115719417FBB000B1A7F /* AppDelegate.m */ = {isa = PBXFileReference; lastKnownFileType = sourcecode.c.objc; path = AppDelegate.m; sourceTree = "<group>"; };
		6450115919417FBB000B1A7F /* Images.xcassets */ = {isa = PBXFileReference; lastKnownFileType = folder.assetcatalog; path = Images.xcassets; sourceTree = "<group>"; };
		6450115F19417FBB000B1A7F /* RottenTomatoesTests.xctest */ = {isa = PBXFileReference; explicitFileType = wrapper.cfbundle; includeInIndex = 0; path = RottenTomatoesTests.xctest; sourceTree = BUILT_PRODUCTS_DIR; };
		6450116019417FBB000B1A7F /* XCTest.framework */ = {isa = PBXFileReference; lastKnownFileType = wrapper.framework; name = XCTest.framework; path = Library/Frameworks/XCTest.framework; sourceTree = DEVELOPER_DIR; };
		6450116819417FBB000B1A7F /* RottenTomatoesTests-Info.plist */ = {isa = PBXFileReference; lastKnownFileType = text.plist.xml; path = "RottenTomatoesTests-Info.plist"; sourceTree = "<group>"; };
		6450116A19417FBB000B1A7F /* en */ = {isa = PBXFileReference; lastKnownFileType = text.plist.strings; name = en; path = en.lproj/InfoPlist.strings; sourceTree = "<group>"; };
		6450116C19417FBB000B1A7F /* RottenTomatoesTests.m */ = {isa = PBXFileReference; lastKnownFileType = sourcecode.c.objc; path = RottenTomatoesTests.m; sourceTree = "<group>"; };
		6450117719417FF0000B1A7F /* MovieViewController.m */ = {isa = PBXFileReference; fileEncoding = 4; lastKnownFileType = sourcecode.c.objc; path = MovieViewController.m; sourceTree = "<group>"; };
		6450117819417FF0000B1A7F /* MovieViewController.xib */ = {isa = PBXFileReference; fileEncoding = 4; lastKnownFileType = file.xib; path = MovieViewController.xib; sourceTree = "<group>"; };
		64501180194182E2000B1A7F /* DetailsViewController.h */ = {isa = PBXFileReference; fileEncoding = 4; lastKnownFileType = sourcecode.c.h; path = DetailsViewController.h; sourceTree = "<group>"; };
		64501181194182E2000B1A7F /* DetailsViewController.m */ = {isa = PBXFileReference; fileEncoding = 4; lastKnownFileType = sourcecode.c.objc; path = DetailsViewController.m; sourceTree = "<group>"; };
		64501182194182E2000B1A7F /* DetailsViewController.xib */ = {isa = PBXFileReference; fileEncoding = 4; lastKnownFileType = file.xib; path = DetailsViewController.xib; sourceTree = "<group>"; };
		64501185194679F9000B1A7F /* DVDViewController.h */ = {isa = PBXFileReference; fileEncoding = 4; lastKnownFileType = sourcecode.c.h; path = DVDViewController.h; sourceTree = "<group>"; };
		64501186194679F9000B1A7F /* DVDViewController.m */ = {isa = PBXFileReference; fileEncoding = 4; lastKnownFileType = sourcecode.c.objc; path = DVDViewController.m; sourceTree = "<group>"; };
		64501187194679F9000B1A7F /* DVDViewController.xib */ = {isa = PBXFileReference; fileEncoding = 4; lastKnownFileType = file.xib; path = DVDViewController.xib; sourceTree = "<group>"; };
		6465B7FD1946CDE200CCBAE4 /* MovieCell.h */ = {isa = PBXFileReference; fileEncoding = 4; lastKnownFileType = sourcecode.c.h; path = MovieCell.h; sourceTree = "<group>"; };
		6465B7FE1946CDE200CCBAE4 /* MovieCell.m */ = {isa = PBXFileReference; fileEncoding = 4; lastKnownFileType = sourcecode.c.objc; path = MovieCell.m; sourceTree = "<group>"; };
		6465B7FF1946CDE200CCBAE4 /* MovieCell.xib */ = {isa = PBXFileReference; fileEncoding = 4; lastKnownFileType = file.xib; path = MovieCell.xib; sourceTree = "<group>"; };
		64CC68EE1946D283002E70AD /* MovieViewController.h */ = {isa = PBXFileReference; fileEncoding = 4; lastKnownFileType = sourcecode.c.h; path = MovieViewController.h; sourceTree = "<group>"; };
/* End PBXFileReference section */

/* Begin PBXFrameworksBuildPhase section */
		6450114119417FBB000B1A7F /* Frameworks */ = {
			isa = PBXFrameworksBuildPhase;
			buildActionMask = 2147483647;
			files = (
				6450114A19417FBB000B1A7F /* CoreGraphics.framework in Frameworks */,
				6450114C19417FBB000B1A7F /* UIKit.framework in Frameworks */,
				6450114819417FBB000B1A7F /* Foundation.framework in Frameworks */,
			);
			runOnlyForDeploymentPostprocessing = 0;
		};
		6450115C19417FBB000B1A7F /* Frameworks */ = {
			isa = PBXFrameworksBuildPhase;
			buildActionMask = 2147483647;
			files = (
				6450116119417FBB000B1A7F /* XCTest.framework in Frameworks */,
				6450116319417FBB000B1A7F /* UIKit.framework in Frameworks */,
				6450116219417FBB000B1A7F /* Foundation.framework in Frameworks */,
			);
			runOnlyForDeploymentPostprocessing = 0;
		};
/* End PBXFrameworksBuildPhase section */

/* Begin PBXGroup section */
		6450113B19417FBB000B1A7F = {
			isa = PBXGroup;
			children = (
				6450114D19417FBB000B1A7F /* RottenTomatoes */,
				6450116619417FBB000B1A7F /* RottenTomatoesTests */,
				6450114619417FBB000B1A7F /* Frameworks */,
				6450114519417FBB000B1A7F /* Products */,
			);
			sourceTree = "<group>";
		};
		6450114519417FBB000B1A7F /* Products */ = {
			isa = PBXGroup;
			children = (
				6450114419417FBB000B1A7F /* RottenTomatoes.app */,
				6450115F19417FBB000B1A7F /* RottenTomatoesTests.xctest */,
			);
			name = Products;
			sourceTree = "<group>";
		};
		6450114619417FBB000B1A7F /* Frameworks */ = {
			isa = PBXGroup;
			children = (
				6450114719417FBB000B1A7F /* Foundation.framework */,
				6450114919417FBB000B1A7F /* CoreGraphics.framework */,
				6450114B19417FBB000B1A7F /* UIKit.framework */,
				6450116019417FBB000B1A7F /* XCTest.framework */,
			);
			name = Frameworks;
			sourceTree = "<group>";
		};
		6450114D19417FBB000B1A7F /* RottenTomatoes */ = {
			isa = PBXGroup;
			children = (
				6450117719417FF0000B1A7F /* MovieViewController.m */,
				6450117819417FF0000B1A7F /* MovieViewController.xib */,
				64CC68EE1946D283002E70AD /* MovieViewController.h */,
				64501180194182E2000B1A7F /* DetailsViewController.h */,
				64501181194182E2000B1A7F /* DetailsViewController.m */,
				64501182194182E2000B1A7F /* DetailsViewController.xib */,
				6465B7FD1946CDE200CCBAE4 /* MovieCell.h */,
				6465B7FE1946CDE200CCBAE4 /* MovieCell.m */,
				6465B7FF1946CDE200CCBAE4 /* MovieCell.xib */,
				6450115619417FBB000B1A7F /* AppDelegate.h */,
				6450115719417FBB000B1A7F /* AppDelegate.m */,
				64501185194679F9000B1A7F /* DVDViewController.h */,
				64501186194679F9000B1A7F /* DVDViewController.m */,
				64501187194679F9000B1A7F /* DVDViewController.xib */,
				6450115919417FBB000B1A7F /* Images.xcassets */,
				6450114E19417FBB000B1A7F /* Supporting Files */,
			);
			path = RottenTomatoes;
			sourceTree = "<group>";
		};
		6450114E19417FBB000B1A7F /* Supporting Files */ = {
			isa = PBXGroup;
			children = (
				6450114F19417FBB000B1A7F /* RottenTomatoes-Info.plist */,
				6450115019417FBB000B1A7F /* InfoPlist.strings */,
				6450115319417FBB000B1A7F /* main.m */,
				6450115519417FBB000B1A7F /* RottenTomatoes-Prefix.pch */,
			);
			name = "Supporting Files";
			sourceTree = "<group>";
		};
		6450116619417FBB000B1A7F /* RottenTomatoesTests */ = {
			isa = PBXGroup;
			children = (
				6450116C19417FBB000B1A7F /* RottenTomatoesTests.m */,
				6450116719417FBB000B1A7F /* Supporting Files */,
			);
			path = RottenTomatoesTests;
			sourceTree = "<group>";
		};
		6450116719417FBB000B1A7F /* Supporting Files */ = {
			isa = PBXGroup;
			children = (
				6450116819417FBB000B1A7F /* RottenTomatoesTests-Info.plist */,
				6450116919417FBB000B1A7F /* InfoPlist.strings */,
			);
			name = "Supporting Files";
			sourceTree = "<group>";
		};
/* End PBXGroup section */

/* Begin PBXNativeTarget section */
		6450114319417FBB000B1A7F /* RottenTomatoes */ = {
			isa = PBXNativeTarget;
			buildConfigurationList = 6450117019417FBB000B1A7F /* Build configuration list for PBXNativeTarget "RottenTomatoes" */;
			buildPhases = (
				6450114019417FBB000B1A7F /* Sources */,
				6450114119417FBB000B1A7F /* Frameworks */,
				6450114219417FBB000B1A7F /* Resources */,
			);
			buildRules = (
			);
			dependencies = (
			);
			name = RottenTomatoes;
			productName = RottenTomatoes;
			productReference = 6450114419417FBB000B1A7F /* RottenTomatoes.app */;
			productType = "com.apple.product-type.application";
		};
		6450115E19417FBB000B1A7F /* RottenTomatoesTests */ = {
			isa = PBXNativeTarget;
			buildConfigurationList = 6450117319417FBB000B1A7F /* Build configuration list for PBXNativeTarget "RottenTomatoesTests" */;
			buildPhases = (
				0FB91EDF072C44C0B04B25D8 /* Check Pods Manifest.lock */,
				6450115B19417FBB000B1A7F /* Sources */,
				6450115C19417FBB000B1A7F /* Frameworks */,
				6450115D19417FBB000B1A7F /* Resources */,
				B796A63D0017463F97AC6DC9 /* Copy Pods Resources */,
			);
			buildRules = (
			);
			dependencies = (
				6450116519417FBB000B1A7F /* PBXTargetDependency */,
			);
			name = RottenTomatoesTests;
			productName = RottenTomatoesTests;
			productReference = 6450115F19417FBB000B1A7F /* RottenTomatoesTests.xctest */;
			productType = "com.apple.product-type.bundle.unit-test";
		};
/* End PBXNativeTarget section */

/* Begin PBXProject section */
		6450113C19417FBB000B1A7F /* Project object */ = {
			isa = PBXProject;
			attributes = {
				LastUpgradeCheck = 0510;
				ORGANIZATIONNAME = "Ozzie Sabina";
				TargetAttributes = {
					6450115E19417FBB000B1A7F = {
						TestTargetID = 6450114319417FBB000B1A7F;
					};
				};
			};
			buildConfigurationList = 6450113F19417FBB000B1A7F /* Build configuration list for PBXProject "RottenTomatoes" */;
			compatibilityVersion = "Xcode 3.2";
			developmentRegion = English;
			hasScannedForEncodings = 0;
			knownRegions = (
				en,
			);
			mainGroup = 6450113B19417FBB000B1A7F;
			productRefGroup = 6450114519417FBB000B1A7F /* Products */;
			projectDirPath = "";
			projectRoot = "";
			targets = (
				6450114319417FBB000B1A7F /* RottenTomatoes */,
				6450115E19417FBB000B1A7F /* RottenTomatoesTests */,
			);
		};
/* End PBXProject section */

/* Begin PBXResourcesBuildPhase section */
		6450114219417FBB000B1A7F /* Resources */ = {
			isa = PBXResourcesBuildPhase;
			buildActionMask = 2147483647;
			files = (
				6450117A19417FF0000B1A7F /* MovieViewController.xib in Resources */,
				6465B8011946CDE200CCBAE4 /* MovieCell.xib in Resources */,
				64501189194679F9000B1A7F /* DVDViewController.xib in Resources */,
				64501184194182E2000B1A7F /* DetailsViewController.xib in Resources */,
				6450115219417FBB000B1A7F /* InfoPlist.strings in Resources */,
				6450115A19417FBB000B1A7F /* Images.xcassets in Resources */,
			);
			runOnlyForDeploymentPostprocessing = 0;
		};
		6450115D19417FBB000B1A7F /* Resources */ = {
			isa = PBXResourcesBuildPhase;
			buildActionMask = 2147483647;
			files = (
				6450116B19417FBB000B1A7F /* InfoPlist.strings in Resources */,
			);
			runOnlyForDeploymentPostprocessing = 0;
		};
/* End PBXResourcesBuildPhase section */

/* Begin PBXShellScriptBuildPhase section */
		0FB91EDF072C44C0B04B25D8 /* Check Pods Manifest.lock */ = {
			isa = PBXShellScriptBuildPhase;
			buildActionMask = 2147483647;
			files = (
			);
			inputPaths = (
			);
			name = "Check Pods Manifest.lock";
			outputPaths = (
			);
			runOnlyForDeploymentPostprocessing = 0;
			shellPath = /bin/sh;
			shellScript = "diff \"${PODS_ROOT}/../Podfile.lock\" \"${PODS_ROOT}/Manifest.lock\" > /dev/null\nif [[ $? != 0 ]] ; then\n    cat << EOM\nerror: The sandbox is not in sync with the Podfile.lock. Run 'pod install' or update your CocoaPods installation.\nEOM\n    exit 1\nfi\n";
			showEnvVarsInLog = 0;
		};
		B796A63D0017463F97AC6DC9 /* Copy Pods Resources */ = {
			isa = PBXShellScriptBuildPhase;
			buildActionMask = 2147483647;
			files = (
			);
			inputPaths = (
			);
			name = "Copy Pods Resources";
			outputPaths = (
			);
			runOnlyForDeploymentPostprocessing = 0;
			shellPath = /bin/sh;
			shellScript = "\"${SRCROOT}/Pods/Pods-RottenTomatoesTests-resources.sh\"\n";
			showEnvVarsInLog = 0;
		};
/* End PBXShellScriptBuildPhase section */

/* Begin PBXSourcesBuildPhase section */
		6450114019417FBB000B1A7F /* Sources */ = {
			isa = PBXSourcesBuildPhase;
			buildActionMask = 2147483647;
			files = (
				6450115819417FBB000B1A7F /* AppDelegate.m in Sources */,
				64501183194182E2000B1A7F /* DetailsViewController.m in Sources */,
				6465B8001946CDE200CCBAE4 /* MovieCell.m in Sources */,
				6450117919417FF0000B1A7F /* MovieViewController.m in Sources */,
				6450115419417FBB000B1A7F /* main.m in Sources */,
				64501188194679F9000B1A7F /* DVDViewController.m in Sources */,
			);
			runOnlyForDeploymentPostprocessing = 0;
		};
		6450115B19417FBB000B1A7F /* Sources */ = {
			isa = PBXSourcesBuildPhase;
			buildActionMask = 2147483647;
			files = (
				6450116D19417FBB000B1A7F /* RottenTomatoesTests.m in Sources */,
			);
			runOnlyForDeploymentPostprocessing = 0;
		};
/* End PBXSourcesBuildPhase section */

/* Begin PBXTargetDependency section */
		6450116519417FBB000B1A7F /* PBXTargetDependency */ = {
			isa = PBXTargetDependency;
			target = 6450114319417FBB000B1A7F /* RottenTomatoes */;
			targetProxy = 6450116419417FBB000B1A7F /* PBXContainerItemProxy */;
		};
/* End PBXTargetDependency section */

/* Begin PBXVariantGroup section */
		6450115019417FBB000B1A7F /* InfoPlist.strings */ = {
			isa = PBXVariantGroup;
			children = (
				6450115119417FBB000B1A7F /* en */,
			);
			name = InfoPlist.strings;
			sourceTree = "<group>";
		};
		6450116919417FBB000B1A7F /* InfoPlist.strings */ = {
			isa = PBXVariantGroup;
			children = (
				6450116A19417FBB000B1A7F /* en */,
			);
			name = InfoPlist.strings;
			sourceTree = "<group>";
		};
/* End PBXVariantGroup section */

/* Begin XCBuildConfiguration section */
		6450116F19417FBB000B1A7F /* Release */ = {
			isa = XCBuildConfiguration;
			buildSettings = {
				ALWAYS_SEARCH_USER_PATHS = NO;
				CLANG_CXX_LANGUAGE_STANDARD = "gnu++0x";
				CLANG_CXX_LIBRARY = "libc++";
				CLANG_ENABLE_MODULES = YES;
				CLANG_ENABLE_OBJC_ARC = YES;
				CLANG_WARN_BOOL_CONVERSION = YES;
				CLANG_WARN_CONSTANT_CONVERSION = YES;
				CLANG_WARN_DIRECT_OBJC_ISA_USAGE = YES_ERROR;
				CLANG_WARN_EMPTY_BODY = YES;
				CLANG_WARN_ENUM_CONVERSION = YES;
				CLANG_WARN_INT_CONVERSION = YES;
				CLANG_WARN_OBJC_ROOT_CLASS = YES_ERROR;
				CLANG_WARN__DUPLICATE_METHOD_MATCH = YES;
				"CODE_SIGN_IDENTITY[sdk=iphoneos*]" = "iPhone Developer";
				COPY_PHASE_STRIP = YES;
				ENABLE_NS_ASSERTIONS = NO;
				GCC_C_LANGUAGE_STANDARD = gnu99;
				GCC_WARN_64_TO_32_BIT_CONVERSION = YES;
				GCC_WARN_ABOUT_RETURN_TYPE = YES_ERROR;
				GCC_WARN_UNDECLARED_SELECTOR = YES;
				GCC_WARN_UNINITIALIZED_AUTOS = YES_AGGRESSIVE;
				GCC_WARN_UNUSED_FUNCTION = YES;
				GCC_WARN_UNUSED_VARIABLE = YES;
				IPHONEOS_DEPLOYMENT_TARGET = 7.1;
				ONLY_ACTIVE_ARCH = YES;
				SDKROOT = iphoneos;
				VALIDATE_PRODUCT = YES;
			};
			name = Release;
		};
		6450117219417FBB000B1A7F /* Release */ = {
			isa = XCBuildConfiguration;
			buildSettings = {
				ASSETCATALOG_COMPILER_APPICON_NAME = AppIcon;
				ASSETCATALOG_COMPILER_LAUNCHIMAGE_NAME = LaunchImage;
				GCC_PRECOMPILE_PREFIX_HEADER = YES;
				GCC_PREFIX_HEADER = "RottenTomatoes/RottenTomatoes-Prefix.pch";
				INFOPLIST_FILE = "RottenTomatoes/RottenTomatoes-Info.plist";
				IPHONEOS_DEPLOYMENT_TARGET = 7.0;
				PRODUCT_NAME = "$(TARGET_NAME)";
				TARGETED_DEVICE_FAMILY = 1;
				WRAPPER_EXTENSION = app;
			};
			name = Release;
		};
		6450117519417FBB000B1A7F /* Release */ = {
			isa = XCBuildConfiguration;
			buildSettings = {
				BUNDLE_LOADER = "$(BUILT_PRODUCTS_DIR)/RottenTomatoes.app/RottenTomatoes";
				FRAMEWORK_SEARCH_PATHS = (
					"$(SDKROOT)/Developer/Library/Frameworks",
					"$(inherited)",
					"$(DEVELOPER_FRAMEWORKS_DIR)",
				);
				GCC_PRECOMPILE_PREFIX_HEADER = YES;
				GCC_PREFIX_HEADER = "RottenTomatoes/RottenTomatoes-Prefix.pch";
				INFOPLIST_FILE = "RottenTomatoesTests/RottenTomatoesTests-Info.plist";
				PRODUCT_NAME = "$(TARGET_NAME)";
				TEST_HOST = "$(BUNDLE_LOADER)";
				WRAPPER_EXTENSION = xctest;
			};
			name = Release;
		};
/* End XCBuildConfiguration section */

/* Begin XCConfigurationList section */
		6450113F19417FBB000B1A7F /* Build configuration list for PBXProject "RottenTomatoes" */ = {
			isa = XCConfigurationList;
			buildConfigurations = (
				6450116F19417FBB000B1A7F /* Release */,
			);
			defaultConfigurationIsVisible = 0;
			defaultConfigurationName = Release;
		};
		6450117019417FBB000B1A7F /* Build configuration list for PBXNativeTarget "RottenTomatoes" */ = {
			isa = XCConfigurationList;
			buildConfigurations = (
				6450117219417FBB000B1A7F /* Release */,
			);
			defaultConfigurationIsVisible = 0;
			defaultConfigurationName = Release;
		};
		6450117319417FBB000B1A7F /* Build configuration list for PBXNativeTarget "RottenTomatoesTests" */ = {
			isa = XCConfigurationList;
			buildConfigurations = (
				6450117519417FBB000B1A7F /* Release */,
			);
			defaultConfigurationIsVisible = 0;
			defaultConfigurationName = Release;
		};
/* End XCConfigurationList section */
	};
	rootObject = 6450113C19417FBB000B1A7F /* Project object */;
}
